
Microsoft Visual Studio Solution File, Format Version 12.00
# Visual Studio 15
VisualStudioVersion = 15.0.27703.2026
MinimumVisualStudioVersion = 10.0.40219.1
Project("{FAE04EC0-301F-11D3-BF4B-00C04F79EFBC}") = "TF-IDF-L2", "TF-IDF-L2\TF-IDF-L2.csproj", "{F2A0A161-3EDF-4D39-8FC1-655A5C007A10}"
EndProject
Global
	GlobalSection(SolutionConfigurationPlatforms) = preSolution
		Debug|Any CPU = Debug|Any CPU
		Release|Any CPU = Release|Any CPU
	EndGlobalSection
	GlobalSection(ProjectConfigurationPlatforms) = postSolution
		{F2A0A161-3EDF-4D39-8FC1-655A5C007A10}.Debug|Any CPU.ActiveCfg = Debug|Any CPU
		{F2A0A161-3EDF-4D39-8FC1-655A5C007A10}.Debug|Any CPU.Build.0 = Debug|Any CPU
		{F2A0A161-3EDF-4D39-8FC1-655A5C007A10}.Release|Any CPU.ActiveCfg = Release|Any CPU
		{F2A0A161-3EDF-4D39-8FC1-655A5C007A10}.Release|Any CPU.Build.0 = Release|Any CPU
	EndGlobalSection
	GlobalSection(SolutionProperties) = preSolution
		HideSolutionNode = FALSE
	EndGlobalSection
	GlobalSection(ExtensibilityGlobals) = postSolution
		SolutionGuid = {45966661-73D6-4D9B-BCB9-7551ED661B34}
	EndGlobalSection
EndGlobal
